
Microsoft Visual Studio Solution File, Format Version 12.00
# Visual Studio 15
VisualStudioVersion = 15.0.28307.421
MinimumVisualStudioVersion = 10.0.40219.1
Project("{9A19103F-16F7-4668-BE54-9A1E7A4F7556}") = "WebAPI", "WebAPI\WebAPI.csproj", "{90054E50-1653-4ADC-9633-DFBA8B3CD234}"
EndProject
Project("{FAE04EC0-301F-11D3-BF4B-00C04F79EFBC}") = "EasyAccessMobile", "EasyAccessMobile\EasyAccessMobile.csproj", "{3BC0AC7E-3B3B-4D3F-9CC0-B2BDECC460A6}"
EndProject
Project("{FAE04EC0-301F-11D3-BF4B-00C04F79EFBC}") = "EAMobile.Android", "EAMobile\EAMobile.Android\EAMobile.Android.csproj", "{C45CE9C0-8EF2-45D3-A621-B996BB5E04BF}"
EndProject
Project("{FAE04EC0-301F-11D3-BF4B-00C04F79EFBC}") = "EAMobile", "EAMobile\EAMobile\EAMobile.csproj", "{5BA0744C-4F7D-42A6-A7AC-4EA3E3A2EA3A}"
EndProject
Global
	GlobalSection(SolutionConfigurationPlatforms) = preSolution
		Debug|Any CPU = Debug|Any CPU
		Release|Any CPU = Release|Any CPU
	EndGlobalSection
	GlobalSection(ProjectConfigurationPlatforms) = postSolution
		{90054E50-1653-4ADC-9633-DFBA8B3CD234}.Debug|Any CPU.ActiveCfg = Debug|Any CPU
		{90054E50-1653-4ADC-9633-DFBA8B3CD234}.Debug|Any CPU.Build.0 = Debug|Any CPU
		{90054E50-1653-4ADC-9633-DFBA8B3CD234}.Release|Any CPU.ActiveCfg = Release|Any CPU
		{90054E50-1653-4ADC-9633-DFBA8B3CD234}.Release|Any CPU.Build.0 = Release|Any CPU
		{3BC0AC7E-3B3B-4D3F-9CC0-B2BDECC460A6}.Debug|Any CPU.ActiveCfg = Debug|Any CPU
		{3BC0AC7E-3B3B-4D3F-9CC0-B2BDECC460A6}.Debug|Any CPU.Build.0 = Debug|Any CPU
		{3BC0AC7E-3B3B-4D3F-9CC0-B2BDECC460A6}.Debug|Any CPU.Deploy.0 = Debug|Any CPU
		{3BC0AC7E-3B3B-4D3F-9CC0-B2BDECC460A6}.Release|Any CPU.ActiveCfg = Release|Any CPU
		{3BC0AC7E-3B3B-4D3F-9CC0-B2BDECC460A6}.Release|Any CPU.Build.0 = Release|Any CPU
		{3BC0AC7E-3B3B-4D3F-9CC0-B2BDECC460A6}.Release|Any CPU.Deploy.0 = Release|Any CPU
		{C45CE9C0-8EF2-45D3-A621-B996BB5E04BF}.Debug|Any CPU.ActiveCfg = Debug|Any CPU
		{C45CE9C0-8EF2-45D3-A621-B996BB5E04BF}.Debug|Any CPU.Build.0 = Debug|Any CPU
		{C45CE9C0-8EF2-45D3-A621-B996BB5E04BF}.Debug|Any CPU.Deploy.0 = Debug|Any CPU
		{C45CE9C0-8EF2-45D3-A621-B996BB5E04BF}.Release|Any CPU.ActiveCfg = Release|Any CPU
		{C45CE9C0-8EF2-45D3-A621-B996BB5E04BF}.Release|Any CPU.Build.0 = Release|Any CPU
		{C45CE9C0-8EF2-45D3-A621-B996BB5E04BF}.Release|Any CPU.Deploy.0 = Release|Any CPU
		{5BA0744C-4F7D-42A6-A7AC-4EA3E3A2EA3A}.Debug|Any CPU.ActiveCfg = Debug|Any CPU
		{5BA0744C-4F7D-42A6-A7AC-4EA3E3A2EA3A}.Debug|Any CPU.Build.0 = Debug|Any CPU
		{5BA0744C-4F7D-42A6-A7AC-4EA3E3A2EA3A}.Release|Any CPU.ActiveCfg = Release|Any CPU
		{5BA0744C-4F7D-42A6-A7AC-4EA3E3A2EA3A}.Release|Any CPU.Build.0 = Release|Any CPU
	EndGlobalSection
	GlobalSection(SolutionProperties) = preSolution
		HideSolutionNode = FALSE
	EndGlobalSection
	GlobalSection(ExtensibilityGlobals) = postSolution
		SolutionGuid = {698F1384-B4EB-43C1-83E8-FB1CDB68E2E5}
	EndGlobalSection
EndGlobal
